// !$*UTF8*$!
{
	archiveVersion = 1;
	classes = {
	};
	objectVersion = 46;
	objects = {

/* Begin PBXBuildFile section */
		E1DFCFD81E6A5E4100D3EE27 /* AppDelegate.swift in Sources */ = {isa = PBXBuildFile; fileRef = E1DFCFD71E6A5E4100D3EE27 /* AppDelegate.swift */; };
		E1DFCFDA1E6A5E4100D3EE27 /* ViewController.swift in Sources */ = {isa = PBXBuildFile; fileRef = E1DFCFD91E6A5E4100D3EE27 /* ViewController.swift */; };
		E1DFCFDD1E6A5E4100D3EE27 /* Main.storyboard in Resources */ = {isa = PBXBuildFile; fileRef = E1DFCFDB1E6A5E4100D3EE27 /* Main.storyboard */; };
		E1DFCFE01E6A5E4100D3EE27 /* FirstAppProject.xcdatamodeld in Sources */ = {isa = PBXBuildFile; fileRef = E1DFCFDE1E6A5E4100D3EE27 /* FirstAppProject.xcdatamodeld */; };
		E1DFCFE21E6A5E4100D3EE27 /* Assets.xcassets in Resources */ = {isa = PBXBuildFile; fileRef = E1DFCFE11E6A5E4100D3EE27 /* Assets.xcassets */; };
		E1DFCFE51E6A5E4100D3EE27 /* LaunchScreen.storyboard in Resources */ = {isa = PBXBuildFile; fileRef = E1DFCFE31E6A5E4100D3EE27 /* LaunchScreen.storyboard */; };
		E1DFCFF01E6A5E4100D3EE27 /* FirstAppProjectTests.swift in Sources */ = {isa = PBXBuildFile; fileRef = E1DFCFEF1E6A5E4100D3EE27 /* FirstAppProjectTests.swift */; };
		E1DFCFFB1E6A5E4100D3EE27 /* FirstAppProjectUITests.swift in Sources */ = {isa = PBXBuildFile; fileRef = E1DFCFFA1E6A5E4100D3EE27 /* FirstAppProjectUITests.swift */; };
/* End PBXBuildFile section */

/* Begin PBXContainerItemProxy section */
		E1DFCFEC1E6A5E4100D3EE27 /* PBXContainerItemProxy */ = {
			isa = PBXContainerItemProxy;
			containerPortal = E1DFCFCC1E6A5E4100D3EE27 /* Project object */;
			proxyType = 1;
			remoteGlobalIDString = E1DFCFD31E6A5E4100D3EE27;
			remoteInfo = FirstAppProject;
		};
		E1DFCFF71E6A5E4100D3EE27 /* PBXContainerItemProxy */ = {
			isa = PBXContainerItemProxy;
			containerPortal = E1DFCFCC1E6A5E4100D3EE27 /* Project object */;
			proxyType = 1;
			remoteGlobalIDString = E1DFCFD31E6A5E4100D3EE27;
			remoteInfo = FirstAppProject;
		};
/* End PBXContainerItemProxy section */

/* Begin PBXFileReference section */
		E1DFCFD41E6A5E4100D3EE27 /* FirstAppProject.app */ = {isa = PBXFileReference; explicitFileType = wrapper.application; includeInIndex = 0; path = FirstAppProject.app; sourceTree = BUILT_PRODUCTS_DIR; };
		E1DFCFD71E6A5E4100D3EE27 /* AppDelegate.swift */ = {isa = PBXFileReference; lastKnownFileType = sourcecode.swift; path = AppDelegate.swift; sourceTree = "<group>"; };
		E1DFCFD91E6A5E4100D3EE27 /* ViewController.swift */ = {isa = PBXFileReference; lastKnownFileType = sourcecode.swift; path = ViewController.swift; sourceTree = "<group>"; };
		E1DFCFDC1E6A5E4100D3EE27 /* Base */ = {isa = PBXFileReference; lastKnownFileType = file.storyboard; name = Base; path = Base.lproj/Main.storyboard; sourceTree = "<group>"; };
		E1DFCFDF1E6A5E4100D3EE27 /* FirstAppProject.xcdatamodel */ = {isa = PBXFileReference; lastKnownFileType = wrapper.xcdatamodel; path = FirstAppProject.xcdatamodel; sourceTree = "<group>"; };
		E1DFCFE11E6A5E4100D3EE27 /* Assets.xcassets */ = {isa = PBXFileReference; lastKnownFileType = folder.assetcatalog; path = Assets.xcassets; sourceTree = "<group>"; };
		E1DFCFE41E6A5E4100D3EE27 /* Base */ = {isa = PBXFileReference; lastKnownFileType = file.storyboard; name = Base; path = Base.lproj/LaunchScreen.storyboard; sourceTree = "<group>"; };
		E1DFCFE61E6A5E4100D3EE27 /* Info.plist */ = {isa = PBXFileReference; lastKnownFileType = text.plist.xml; path = Info.plist; sourceTree = "<group>"; };
		E1DFCFEB1E6A5E4100D3EE27 /* FirstAppProjectTests.xctest */ = {isa = PBXFileReference; explicitFileType = wrapper.cfbundle; includeInIndex = 0; path = FirstAppProjectTests.xctest; sourceTree = BUILT_PRODUCTS_DIR; };
		E1DFCFEF1E6A5E4100D3EE27 /* FirstAppProjectTests.swift */ = {isa = PBXFileReference; lastKnownFileType = sourcecode.swift; path = FirstAppProjectTests.swift; sourceTree = "<group>"; };
		E1DFCFF11E6A5E4100D3EE27 /* Info.plist */ = {isa = PBXFileReference; lastKnownFileType = text.plist.xml; path = Info.plist; sourceTree = "<group>"; };
		E1DFCFF61E6A5E4100D3EE27 /* FirstAppProjectUITests.xctest */ = {isa = PBXFileReference; explicitFileType = wrapper.cfbundle; includeInIndex = 0; path = FirstAppProjectUITests.xctest; sourceTree = BUILT_PRODUCTS_DIR; };
		E1DFCFFA1E6A5E4100D3EE27 /* FirstAppProjectUITests.swift */ = {isa = PBXFileReference; lastKnownFileType = sourcecode.swift; path = FirstAppProjectUITests.swift; sourceTree = "<group>"; };
		E1DFCFFC1E6A5E4100D3EE27 /* Info.plist */ = {isa = PBXFileReference; lastKnownFileType = text.plist.xml; path = Info.plist; sourceTree = "<group>"; };
/* End PBXFileReference section */

/* Begin PBXFrameworksBuildPhase section */
		E1DFCFD11E6A5E4100D3EE27 /* Frameworks */ = {
			isa = PBXFrameworksBuildPhase;
			buildActionMask = 2147483647;
			files = (
			);
			runOnlyForDeploymentPostprocessing = 0;
		};
		E1DFCFE81E6A5E4100D3EE27 /* Frameworks */ = {
			isa = PBXFrameworksBuildPhase;
			buildActionMask = 2147483647;
			files = (
			);
			runOnlyForDeploymentPostprocessing = 0;
		};
		E1DFCFF31E6A5E4100D3EE27 /* Frameworks */ = {
			isa = PBXFrameworksBuildPhase;
			buildActionMask = 2147483647;
			files = (
			);
			runOnlyForDeploymentPostprocessing = 0;
		};
/* End PBXFrameworksBuildPhase section */

/* Begin PBXGroup section */
		E1DFCFCB1E6A5E4100D3EE27 = {
			isa = PBXGroup;
			children = (
				E1DFCFD61E6A5E4100D3EE27 /* FirstAppProject */,
				E1DFCFEE1E6A5E4100D3EE27 /* FirstAppProjectTests */,
				E1DFCFF91E6A5E4100D3EE27 /* FirstAppProjectUITests */,
				E1DFCFD51E6A5E4100D3EE27 /* Products */,
			);
			sourceTree = "<group>";
		};
		E1DFCFD51E6A5E4100D3EE27 /* Products */ = {
			isa = PBXGroup;
			children = (
				E1DFCFD41E6A5E4100D3EE27 /* FirstAppProject.app */,
				E1DFCFEB1E6A5E4100D3EE27 /* FirstAppProjectTests.xctest */,
				E1DFCFF61E6A5E4100D3EE27 /* FirstAppProjectUITests.xctest */,
			);
			name = Products;
			sourceTree = "<group>";
		};
		E1DFCFD61E6A5E4100D3EE27 /* FirstAppProject */ = {
			isa = PBXGroup;
			children = (
				E1DFCFD71E6A5E4100D3EE27 /* AppDelegate.swift */,
				E1DFCFD91E6A5E4100D3EE27 /* ViewController.swift */,
				E1DFCFDB1E6A5E4100D3EE27 /* Main.storyboard */,
				E1DFCFE11E6A5E4100D3EE27 /* Assets.xcassets */,
				E1DFCFE31E6A5E4100D3EE27 /* LaunchScreen.storyboard */,
				E1DFCFE61E6A5E4100D3EE27 /* Info.plist */,
				E1DFCFDE1E6A5E4100D3EE27 /* FirstAppProject.xcdatamodeld */,
			);
			path = FirstAppProject;
			sourceTree = "<group>";
		};
		E1DFCFEE1E6A5E4100D3EE27 /* FirstAppProjectTests */ = {
			isa = PBXGroup;
			children = (
				E1DFCFEF1E6A5E4100D3EE27 /* FirstAppProjectTests.swift */,
				E1DFCFF11E6A5E4100D3EE27 /* Info.plist */,
			);
			path = FirstAppProjectTests;
			sourceTree = "<group>";
		};
		E1DFCFF91E6A5E4100D3EE27 /* FirstAppProjectUITests */ = {
			isa = PBXGroup;
			children = (
				E1DFCFFA1E6A5E4100D3EE27 /* FirstAppProjectUITests.swift */,
				E1DFCFFC1E6A5E4100D3EE27 /* Info.plist */,
			);
			path = FirstAppProjectUITests;
			sourceTree = "<group>";
		};
/* End PBXGroup section */

/* Begin PBXNativeTarget section */
		E1DFCFD31E6A5E4100D3EE27 /* FirstAppProject */ = {
			isa = PBXNativeTarget;
			buildConfigurationList = E1DFCFFF1E6A5E4100D3EE27 /* Build configuration list for PBXNativeTarget "FirstAppProject" */;
			buildPhases = (
				E1DFCFD01E6A5E4100D3EE27 /* Sources */,
				E1DFCFD11E6A5E4100D3EE27 /* Frameworks */,
				E1DFCFD21E6A5E4100D3EE27 /* Resources */,
			);
			buildRules = (
			);
			dependencies = (
			);
			name = FirstAppProject;
			productName = FirstAppProject;
			productReference = E1DFCFD41E6A5E4100D3EE27 /* FirstAppProject.app */;
			productType = "com.apple.product-type.application";
		};
		E1DFCFEA1E6A5E4100D3EE27 /* FirstAppProjectTests */ = {
			isa = PBXNativeTarget;
			buildConfigurationList = E1DFD0021E6A5E4100D3EE27 /* Build configuration list for PBXNativeTarget "FirstAppProjectTests" */;
			buildPhases = (
				E1DFCFE71E6A5E4100D3EE27 /* Sources */,
				E1DFCFE81E6A5E4100D3EE27 /* Frameworks */,
				E1DFCFE91E6A5E4100D3EE27 /* Resources */,
			);
			buildRules = (
			);
			dependencies = (
				E1DFCFED1E6A5E4100D3EE27 /* PBXTargetDependency */,
			);
			name = FirstAppProjectTests;
			productName = FirstAppProjectTests;
			productReference = E1DFCFEB1E6A5E4100D3EE27 /* FirstAppProjectTests.xctest */;
			productType = "com.apple.product-type.bundle.unit-test";
		};
		E1DFCFF51E6A5E4100D3EE27 /* FirstAppProjectUITests */ = {
			isa = PBXNativeTarget;
			buildConfigurationList = E1DFD0051E6A5E4100D3EE27 /* Build configuration list for PBXNativeTarget "FirstAppProjectUITests" */;
			buildPhases = (
				E1DFCFF21E6A5E4100D3EE27 /* Sources */,
				E1DFCFF31E6A5E4100D3EE27 /* Frameworks */,
				E1DFCFF41E6A5E4100D3EE27 /* Resources */,
			);
			buildRules = (
			);
			dependencies = (
				E1DFCFF81E6A5E4100D3EE27 /* PBXTargetDependency */,
			);
			name = FirstAppProjectUITests;
			productName = FirstAppProjectUITests;
			productReference = E1DFCFF61E6A5E4100D3EE27 /* FirstAppProjectUITests.xctest */;
			productType = "com.apple.product-type.bundle.ui-testing";
		};
/* End PBXNativeTarget section */

/* Begin PBXProject section */
		E1DFCFCC1E6A5E4100D3EE27 /* Project object */ = {
			isa = PBXProject;
			attributes = {
				LastSwiftUpdateCheck = 0820;
				LastUpgradeCheck = 0820;
				ORGANIZATIONNAME = chenwenqiang;
				TargetAttributes = {
					E1DFCFD31E6A5E4100D3EE27 = {
						CreatedOnToolsVersion = 8.2.1;
						DevelopmentTeam = L252EP9PDE;
						ProvisioningStyle = Automatic;
					};
					E1DFCFEA1E6A5E4100D3EE27 = {
						CreatedOnToolsVersion = 8.2.1;
						DevelopmentTeam = L252EP9PDE;
						ProvisioningStyle = Automatic;
						TestTargetID = E1DFCFD31E6A5E4100D3EE27;
					};
					E1DFCFF51E6A5E4100D3EE27 = {
						CreatedOnToolsVersion = 8.2.1;
						DevelopmentTeam = L252EP9PDE;
						ProvisioningStyle = Automatic;
						TestTargetID = E1DFCFD31E6A5E4100D3EE27;
					};
				};
			};
			buildConfigurationList = E1DFCFCF1E6A5E4100D3EE27 /* Build configuration list for PBXProject "FirstAppProject" */;
			compatibilityVersion = "Xcode 3.2";
			developmentRegion = English;
			hasScannedForEncodings = 0;
			knownRegions = (
				en,
				Base,
			);
			mainGroup = E1DFCFCB1E6A5E4100D3EE27;
			productRefGroup = E1DFCFD51E6A5E4100D3EE27 /* Products */;
			projectDirPath = "";
			projectRoot = "";
			targets = (
				E1DFCFD31E6A5E4100D3EE27 /* FirstAppProject */,
				E1DFCFEA1E6A5E4100D3EE27 /* FirstAppProjectTests */,
				E1DFCFF51E6A5E4100D3EE27 /* FirstAppProjectUITests */,
			);
		};
/* End PBXProject section */

/* Begin PBXResourcesBuildPhase section */
		E1DFCFD21E6A5E4100D3EE27 /* Resources */ = {
			isa = PBXResourcesBuildPhase;
			buildActionMask = 2147483647;
			files = (
				E1DFCFE51E6A5E4100D3EE27 /* LaunchScreen.storyboard in Resources */,
				E1DFCFE21E6A5E4100D3EE27 /* Assets.xcassets in Resources */,
				E1DFCFDD1E6A5E4100D3EE27 /* Main.storyboard in Resources */,
			);
			runOnlyForDeploymentPostprocessing = 0;
		};
		E1DFCFE91E6A5E4100D3EE27 /* Resources */ = {
			isa = PBXResourcesBuildPhase;
			buildActionMask = 2147483647;
			files = (
			);
			runOnlyForDeploymentPostprocessing = 0;
		};
		E1DFCFF41E6A5E4100D3EE27 /* Resources */ = {
			isa = PBXResourcesBuildPhase;
			buildActionMask = 2147483647;
			files = (
			);
			runOnlyForDeploymentPostprocessing = 0;
		};
/* End PBXResourcesBuildPhase section */

/* Begin PBXSourcesBuildPhase section */
		E1DFCFD01E6A5E4100D3EE27 /* Sources */ = {
			isa = PBXSourcesBuildPhase;
			buildActionMask = 2147483647;
			files = (
				E1DFCFDA1E6A5E4100D3EE27 /* ViewController.swift in Sources */,
				E1DFCFE01E6A5E4100D3EE27 /* FirstAppProject.xcdatamodeld in Sources */,
				E1DFCFD81E6A5E4100D3EE27 /* AppDelegate.swift in Sources */,
			);
			runOnlyForDeploymentPostprocessing = 0;
		};
		E1DFCFE71E6A5E4100D3EE27 /* Sources */ = {
			isa = PBXSourcesBuildPhase;
			buildActionMask = 2147483647;
			files = (
				E1DFCFF01E6A5E4100D3EE27 /* FirstAppProjectTests.swift in Sources */,
			);
			runOnlyForDeploymentPostprocessing = 0;
		};
		E1DFCFF21E6A5E4100D3EE27 /* Sources */ = {
			isa = PBXSourcesBuildPhase;
			buildActionMask = 2147483647;
			files = (
				E1DFCFFB1E6A5E4100D3EE27 /* FirstAppProjectUITests.swift in Sources */,
			);
			runOnlyForDeploymentPostprocessing = 0;
		};
/* End PBXSourcesBuildPhase section */

/* Begin PBXTargetDependency section */
		E1DFCFED1E6A5E4100D3EE27 /* PBXTargetDependency */ = {
			isa = PBXTargetDependency;
			target = E1DFCFD31E6A5E4100D3EE27 /* FirstAppProject */;
			targetProxy = E1DFCFEC1E6A5E4100D3EE27 /* PBXContainerItemProxy */;
		};
		E1DFCFF81E6A5E4100D3EE27 /* PBXTargetDependency */ = {
			isa = PBXTargetDependency;
			target = E1DFCFD31E6A5E4100D3EE27 /* FirstAppProject */;
			targetProxy = E1DFCFF71E6A5E4100D3EE27 /* PBXContainerItemProxy */;
		};
/* End PBXTargetDependency section */

/* Begin PBXVariantGroup section */
		E1DFCFDB1E6A5E4100D3EE27 /* Main.storyboard */ = {
			isa = PBXVariantGroup;
			children = (
				E1DFCFDC1E6A5E4100D3EE27 /* Base */,
			);
			name = Main.storyboard;
			sourceTree = "<group>";
		};
		E1DFCFE31E6A5E4100D3EE27 /* LaunchScreen.storyboard */ = {
			isa = PBXVariantGroup;
			children = (
				E1DFCFE41E6A5E4100D3EE27 /* Base */,
			);
			name = LaunchScreen.storyboard;
			sourceTree = "<group>";
		};
/* End PBXVariantGroup section */

/* Begin XCBuildConfiguration section */
		E1DFCFFD1E6A5E4100D3EE27 /* Debug */ = {
			isa = XCBuildConfiguration;
			buildSettings = {
				ALWAYS_SEARCH_USER_PATHS = NO;
				CLANG_ANALYZER_NONNULL = YES;
				CLANG_CXX_LANGUAGE_STANDARD = "gnu++0x";
				CLANG_CXX_LIBRARY = "libc++";
				CLANG_ENABLE_MODULES = YES;
				CLANG_ENABLE_OBJC_ARC = YES;
				CLANG_WARN_BOOL_CONVERSION = YES;
				CLANG_WARN_CONSTANT_CONVERSION = YES;
				CLANG_WARN_DIRECT_OBJC_ISA_USAGE = YES_ERROR;
				CLANG_WARN_DOCUMENTATION_COMMENTS = YES;
				CLANG_WARN_EMPTY_BODY = YES;
				CLANG_WARN_ENUM_CONVERSION = YES;
				CLANG_WARN_INFINITE_RECURSION = YES;
				CLANG_WARN_INT_CONVERSION = YES;
				CLANG_WARN_OBJC_ROOT_CLASS = YES_ERROR;
				CLANG_WARN_SUSPICIOUS_MOVE = YES;
				CLANG_WARN_UNREACHABLE_CODE = YES;
				CLANG_WARN__DUPLICATE_METHOD_MATCH = YES;
				"CODE_SIGN_IDENTITY[sdk=iphoneos*]" = "iPhone Developer";
				COPY_PHASE_STRIP = NO;
				DEBUG_INFORMATION_FORMAT = dwarf;
				ENABLE_STRICT_OBJC_MSGSEND = YES;
				ENABLE_TESTABILITY = YES;
				GCC_C_LANGUAGE_STANDARD = gnu99;
				GCC_DYNAMIC_NO_PIC = NO;
				GCC_NO_COMMON_BLOCKS = YES;
				GCC_OPTIMIZATION_LEVEL = 0;
				GCC_PREPROCESSOR_DEFINITIONS = (
					"DEBUG=1",
					"$(inherited)",
				);
				GCC_WARN_64_TO_32_BIT_CONVERSION = YES;
				GCC_WARN_ABOUT_RETURN_TYPE = YES_ERROR;
				GCC_WARN_UNDECLARED_SELECTOR = YES;
				GCC_WARN_UNINITIALIZED_AUTOS = YES_AGGRESSIVE;
				GCC_WARN_UNUSED_FUNCTION = YES;
				GCC_WARN_UNUSED_VARIABLE = YES;
				IPHONEOS_DEPLOYMENT_TARGET = 10.2;
				MTL_ENABLE_DEBUG_INFO = YES;
				ONLY_ACTIVE_ARCH = YES;
				SDKROOT = iphoneos;
				SWIFT_ACTIVE_COMPILATION_CONDITIONS = DEBUG;
				SWIFT_OPTIMIZATION_LEVEL = "-Onone";
			};
			name = Debug;
		};
		E1DFCFFE1E6A5E4100D3EE27 /* Release */ = {
			isa = XCBuildConfiguration;
			buildSettings = {
				ALWAYS_SEARCH_USER_PATHS = NO;
				CLANG_ANALYZER_NONNULL = YES;
				CLANG_CXX_LANGUAGE_STANDARD = "gnu++0x";
				CLANG_CXX_LIBRARY = "libc++";
				CLANG_ENABLE_MODULES = YES;
				CLANG_ENABLE_OBJC_ARC = YES;
				CLANG_WARN_BOOL_CONVERSION = YES;
				CLANG_WARN_CONSTANT_CONVERSION = YES;
				CLANG_WARN_DIRECT_OBJC_ISA_USAGE = YES_ERROR;
				CLANG_WARN_DOCUMENTATION_COMMENTS = YES;
				CLANG_WARN_EMPTY_BODY = YES;
				CLANG_WARN_ENUM_CONVERSION = YES;
				CLANG_WARN_INFINITE_RECURSION = YES;
				CLANG_WARN_INT_CONVERSION = YES;
				CLANG_WARN_OBJC_ROOT_CLASS = YES_ERROR;
				CLANG_WARN_SUSPICIOUS_MOVE = YES;
				CLANG_WARN_UNREACHABLE_CODE = YES;
				CLANG_WARN__DUPLICATE_METHOD_MATCH = YES;
				"CODE_SIGN_IDENTITY[sdk=iphoneos*]" = "iPhone Developer";
				COPY_PHASE_STRIP = NO;
				DEBUG_INFORMATION_FORMAT = "dwarf-with-dsym";
				ENABLE_NS_ASSERTIONS = NO;
				ENABLE_STRICT_OBJC_MSGSEND = YES;
				GCC_C_LANGUAGE_STANDARD = gnu99;
				GCC_NO_COMMON_BLOCKS = YES;
				GCC_WARN_64_TO_32_BIT_CONVERSION = YES;
				GCC_WARN_ABOUT_RETURN_TYPE = YES_ERROR;
				GCC_WARN_UNDECLARED_SELECTOR = YES;
				GCC_WARN_UNINITIALIZED_AUTOS = YES_AGGRESSIVE;
				GCC_WARN_UNUSED_FUNCTION = YES;
				GCC_WARN_UNUSED_VARIABLE = YES;
				IPHONEOS_DEPLOYMENT_TARGET = 10.2;
				MTL_ENABLE_DEBUG_INFO = NO;
				SDKROOT = iphoneos;
				SWIFT_OPTIMIZATION_LEVEL = "-Owholemodule";
				VALIDATE_PRODUCT = YES;
			};
			name = Release;
		};
		E1DFD0001E6A5E4100D3EE27 /* Debug */ = {
			isa = XCBuildConfiguration;
			buildSettings = {
				ASSETCATALOG_COMPILER_APPICON_NAME = AppIcon;
				DEVELOPMENT_TEAM = L252EP9PDE;
				INFOPLIST_FILE = FirstAppProject/Info.plist;
				LD_RUNPATH_SEARCH_PATHS = "$(inherited) @executable_path/Frameworks";
				PRODUCT_BUNDLE_IDENTIFIER = test.FirstAppProject;
				PRODUCT_NAME = "$(TARGET_NAME)";
				SWIFT_VERSION = 3.0;
			};
			name = Debug;
		};
		E1DFD0011E6A5E4100D3EE27 /* Release */ = {
			isa = XCBuildConfiguration;
			buildSettings = {
				ASSETCATALOG_COMPILER_APPICON_NAME = AppIcon;
				DEVELOPMENT_TEAM = L252EP9PDE;
				INFOPLIST_FILE = FirstAppProject/Info.plist;
				LD_RUNPATH_SEARCH_PATHS = "$(inherited) @executable_path/Frameworks";
				PRODUCT_BUNDLE_IDENTIFIER = test.FirstAppProject;
				PRODUCT_NAME = "$(TARGET_NAME)";
				SWIFT_VERSION = 3.0;
			};
			name = Release;
		};
		E1DFD0031E6A5E4100D3EE27 /* Debug */ = {
			isa = XCBuildConfiguration;
			buildSettings = {
				ALWAYS_EMBED_SWIFT_STANDARD_LIBRARIES = YES;
				BUNDLE_LOADER = "$(TEST_HOST)";
				DEVELOPMENT_TEAM = L252EP9PDE;
				INFOPLIST_FILE = FirstAppProjectTests/Info.plist;
				LD_RUNPATH_SEARCH_PATHS = "$(inherited) @executable_path/Frameworks @loader_path/Frameworks";
				PRODUCT_BUNDLE_IDENTIFIER = test.FirstAppProjectTests;
				PRODUCT_NAME = "$(TARGET_NAME)";
				SWIFT_VERSION = 3.0;
				TEST_HOST = "$(BUILT_PRODUCTS_DIR)/FirstAppProject.app/FirstAppProject";
			};
			name = Debug;
		};
		E1DFD0041E6A5E4100D3EE27 /* Release */ = {
			isa = XCBuildConfiguration;
			buildSettings = {
				ALWAYS_EMBED_SWIFT_STANDARD_LIBRARIES = YES;
				BUNDLE_LOADER = "$(TEST_HOST)";
				DEVELOPMENT_TEAM = L252EP9PDE;
				INFOPLIST_FILE = FirstAppProjectTests/Info.plist;
				LD_RUNPATH_SEARCH_PATHS = "$(inherited) @executable_path/Frameworks @loader_path/Frameworks";
				PRODUCT_BUNDLE_IDENTIFIER = test.FirstAppProjectTests;
				PRODUCT_NAME = "$(TARGET_NAME)";
				SWIFT_VERSION = 3.0;
				TEST_HOST = "$(BUILT_PRODUCTS_DIR)/FirstAppProject.app/FirstAppProject";
			};
			name = Release;
		};
		E1DFD0061E6A5E4100D3EE27 /* Debug */ = {
			isa = XCBuildConfiguration;
			buildSettings = {
				ALWAYS_EMBED_SWIFT_STANDARD_LIBRARIES = YES;
				DEVELOPMENT_TEAM = L252EP9PDE;
				INFOPLIST_FILE = FirstAppProjectUITests/Info.plist;
				LD_RUNPATH_SEARCH_PATHS = "$(inherited) @executable_path/Frameworks @loader_path/Frameworks";
				PRODUCT_BUNDLE_IDENTIFIER = test.FirstAppProjectUITests;
				PRODUCT_NAME = "$(TARGET_NAME)";
				SWIFT_VERSION = 3.0;
				TEST_TARGET_NAME = FirstAppProject;
			};
			name = Debug;
		};
		E1DFD0071E6A5E4100D3EE27 /* Release */ = {
			isa = XCBuildConfiguration;
			buildSettings = {
				ALWAYS_EMBED_SWIFT_STANDARD_LIBRARIES = YES;
				DEVELOPMENT_TEAM = L252EP9PDE;
				INFOPLIST_FILE = FirstAppProjectUITests/Info.plist;
				LD_RUNPATH_SEARCH_PATHS = "$(inherited) @executable_path/Frameworks @loader_path/Frameworks";
				PRODUCT_BUNDLE_IDENTIFIER = test.FirstAppProjectUITests;
				PRODUCT_NAME = "$(TARGET_NAME)";
				SWIFT_VERSION = 3.0;
				TEST_TARGET_NAME = FirstAppProject;
			};
			name = Release;
		};
/* End XCBuildConfiguration section */

/* Begin XCConfigurationList section */
		E1DFCFCF1E6A5E4100D3EE27 /* Build configuration list for PBXProject "FirstAppProject" */ = {
			isa = XCConfigurationList;
			buildConfigurations = (
				E1DFCFFD1E6A5E4100D3EE27 /* Debug */,
				E1DFCFFE1E6A5E4100D3EE27 /* Release */,
			);
			defaultConfigurationIsVisible = 0;
			defaultConfigurationName = Release;
		};
		E1DFCFFF1E6A5E4100D3EE27 /* Build configuration list for PBXNativeTarget "FirstAppProject" */ = {
			isa = XCConfigurationList;
			buildConfigurations = (
				E1DFD0001E6A5E4100D3EE27 /* Debug */,
				E1DFD0011E6A5E4100D3EE27 /* Release */,
			);
			defaultConfigurationIsVisible = 0;
		};
		E1DFD0021E6A5E4100D3EE27 /* Build configuration list for PBXNativeTarget "FirstAppProjectTests" */ = {
			isa = XCConfigurationList;
			buildConfigurations = (
				E1DFD0031E6A5E4100D3EE27 /* Debug */,
				E1DFD0041E6A5E4100D3EE27 /* Release */,
			);
			defaultConfigurationIsVisible = 0;
		};
		E1DFD0051E6A5E4100D3EE27 /* Build configuration list for PBXNativeTarget "FirstAppProjectUITests" */ = {
			isa = XCConfigurationList;
			buildConfigurations = (
				E1DFD0061E6A5E4100D3EE27 /* Debug */,
				E1DFD0071E6A5E4100D3EE27 /* Release */,
			);
			defaultConfigurationIsVisible = 0;
		};
/* End XCConfigurationList section */

/* Begin XCVersionGroup section */
		E1DFCFDE1E6A5E4100D3EE27 /* FirstAppProject.xcdatamodeld */ = {
			isa = XCVersionGroup;
			children = (
				E1DFCFDF1E6A5E4100D3EE27 /* FirstAppProject.xcdatamodel */,
			);
			currentVersion = E1DFCFDF1E6A5E4100D3EE27 /* FirstAppProject.xcdatamodel */;
			path = FirstAppProject.xcdatamodeld;
			sourceTree = "<group>";
			versionGroupType = wrapper.xcdatamodel;
		};
/* End XCVersionGroup section */
	};
	rootObject = E1DFCFCC1E6A5E4100D3EE27 /* Project object */;
}
